
Microsoft Visual Studio Solution File, Format Version 12.00
# Visual Studio Version 17
VisualStudioVersion = 17.8.34330.188
MinimumVisualStudioVersion = 10.0.40219.1
Project("{FAE04EC0-301F-11D3-BF4B-00C04F79EFBC}") = "MetaGenerator", "MetaGenerator.csproj", "{D5001B49-8F4D-497C-8137-40A0CFDF7CB0}"
EndProject
Global
	GlobalSection(SolutionConfigurationPlatforms) = preSolution
		Debug|Any CPU = Debug|Any CPU
		Release|Any CPU = Release|Any CPU
	EndGlobalSection
	GlobalSection(ProjectConfigurationPlatforms) = postSolution
		{D5001B49-8F4D-497C-8137-40A0CFDF7CB0}.Debug|Any CPU.ActiveCfg = Debug|Any CPU
		{D5001B49-8F4D-497C-8137-40A0CFDF7CB0}.Debug|Any CPU.Build.0 = Debug|Any CPU
		{D5001B49-8F4D-497C-8137-40A0CFDF7CB0}.Release|Any CPU.ActiveCfg = Release|Any CPU
		{D5001B49-8F4D-497C-8137-40A0CFDF7CB0}.Release|Any CPU.Build.0 = Release|Any CPU
	EndGlobalSection
	GlobalSection(SolutionProperties) = preSolution
		HideSolutionNode = FALSE
	EndGlobalSection
	GlobalSection(ExtensibilityGlobals) = postSolution
		SolutionGuid = {32435DAB-024E-49A7-BB61-DA7F13E2AAAB}
	EndGlobalSection
EndGlobal
